PODS:
  - IQKeyboardManagerSwift (6.5.16)
  - Kingfisher (7.10.1)
  - ProgressHUD (2.51)

DEPENDENCIES:
  - IQKeyboardManagerSwift
  - Kingfisher (~> 7.0)
  - ProgressHUD (from `https://github.com/relatedcode/ProgressHUD.git`, commit `83c3801e9aa69be157a47c40cdd8702bfaf29213`)

SPEC REPOS:
  trunk:
    - IQKeyboardManagerSwift
    - Kingfisher

EXTERNAL SOURCES:
  ProgressHUD:
    :commit: 83c3801e9aa69be157a47c40cdd8702bfaf29213
    :git: https://github.com/relatedcode/ProgressHUD.git

CHECKOUT OPTIONS:
  ProgressHUD:
    :commit: 83c3801e9aa69be157a47c40cdd8702bfaf29213
    :git: https://github.com/relatedcode/ProgressHUD.git

SPEC CHECKSUMS:
  IQKeyboardManagerSwift: 12d89768845bb77b55cc092ecc2b1f9370f06b76
  Kingfisher: bc5abe80a8e0144537ef1dd5a0b2621b04f7f439
  ProgressHUD: 54b4c2fa202bf3da7dddc1c698ae4e6376333bd9

PODFILE CHECKSUM: 785c64a91ca274ef5d4cdc62f9282a81356369d1

COCOAPODS: 1.14.3
