// !$*UTF8*$!
{
	archiveVersion = 1;
	classes = {
	};
	objectVersion = 56;
	objects = {

/* Begin PBXBuildFile section */
		1A4FFD0C9BC3D6B176F6AE01 /* Pods_TastyBites.framework in Frameworks */ = {isa = PBXBuildFile; fileRef = 3E5AB2554E0B50AC8D7360D6 /* Pods_TastyBites.framework */; };
		D68C70442B336276005C80F6 /* AppDelegate.swift in Sources */ = {isa = PBXBuildFile; fileRef = D68C70432B336276005C80F6 /* AppDelegate.swift */; };
		D68C70462B336276005C80F6 /* SceneDelegate.swift in Sources */ = {isa = PBXBuildFile; fileRef = D68C70452B336276005C80F6 /* SceneDelegate.swift */; };
		D68C704B2B336276005C80F6 /* Main.storyboard in Resources */ = {isa = PBXBuildFile; fileRef = D68C70492B336276005C80F6 /* Main.storyboard */; };
		D68C704D2B336277005C80F6 /* Assets.xcassets in Resources */ = {isa = PBXBuildFile; fileRef = D68C704C2B336277005C80F6 /* Assets.xcassets */; };
		D68C70502B336277005C80F6 /* LaunchScreen.storyboard in Resources */ = {isa = PBXBuildFile; fileRef = D68C704E2B336277005C80F6 /* LaunchScreen.storyboard */; };
		D68C705C2B336667005C80F6 /* OnboardingViewController.swift in Sources */ = {isa = PBXBuildFile; fileRef = D68C705B2B336667005C80F6 /* OnboardingViewController.swift */; };
		D68C705F2B336A5E005C80F6 /* UIView+Ext.swift in Sources */ = {isa = PBXBuildFile; fileRef = D68C705E2B336A5E005C80F6 /* UIView+Ext.swift */; };
		D68C70612B336B2E005C80F6 /* OnboardingSlides.swift in Sources */ = {isa = PBXBuildFile; fileRef = D68C70602B336B2E005C80F6 /* OnboardingSlides.swift */; };
		D68C70632B336D68005C80F6 /* OnboardingCollectionViewCell.swift in Sources */ = {isa = PBXBuildFile; fileRef = D68C70622B336D68005C80F6 /* OnboardingCollectionViewCell.swift */; };
		D68C70672B337830005C80F6 /* HomeViewController.swift in Sources */ = {isa = PBXBuildFile; fileRef = D68C70662B337830005C80F6 /* HomeViewController.swift */; };
		D68C706B2B337AE1005C80F6 /* CategoryCollectionViewCell.swift in Sources */ = {isa = PBXBuildFile; fileRef = D68C70692B337AE1005C80F6 /* CategoryCollectionViewCell.swift */; };
		D68C706C2B337AE1005C80F6 /* CategoryCollectionViewCell.xib in Resources */ = {isa = PBXBuildFile; fileRef = D68C706A2B337AE1005C80F6 /* CategoryCollectionViewCell.xib */; };
		D68C706E2B337BEC005C80F6 /* DishCategory.swift in Sources */ = {isa = PBXBuildFile; fileRef = D68C706D2B337BEC005C80F6 /* DishCategory.swift */; };
		D68C70702B337CC8005C80F6 /* String+Ext.swift in Sources */ = {isa = PBXBuildFile; fileRef = D68C706F2B337CC8005C80F6 /* String+Ext.swift */; };
		D68C70732B337F7B005C80F6 /* CardView.swift in Sources */ = {isa = PBXBuildFile; fileRef = D68C70722B337F7B005C80F6 /* CardView.swift */; };
		D68C70772B3381FF005C80F6 /* DishPortraitCollectionViewCell.swift in Sources */ = {isa = PBXBuildFile; fileRef = D68C70752B3381FF005C80F6 /* DishPortraitCollectionViewCell.swift */; };
		D68C70782B3381FF005C80F6 /* DishPortraitCollectionViewCell.xib in Resources */ = {isa = PBXBuildFile; fileRef = D68C70762B3381FF005C80F6 /* DishPortraitCollectionViewCell.xib */; };
		D68C707B2B3383E7005C80F6 /* Dish.swift in Sources */ = {isa = PBXBuildFile; fileRef = D68C707A2B3383E7005C80F6 /* Dish.swift */; };
		D68C707F2B3387FF005C80F6 /* DishLandscapeCollectionViewCell.swift in Sources */ = {isa = PBXBuildFile; fileRef = D68C707D2B3387FF005C80F6 /* DishLandscapeCollectionViewCell.swift */; };
		D68C70802B3387FF005C80F6 /* DishLandscapeCollectionViewCell.xib in Resources */ = {isa = PBXBuildFile; fileRef = D68C707E2B3387FF005C80F6 /* DishLandscapeCollectionViewCell.xib */; };
		D68C70832B33A100005C80F6 /* DishDetailViewController.swift in Sources */ = {isa = PBXBuildFile; fileRef = D68C70822B33A100005C80F6 /* DishDetailViewController.swift */; };
		D68C70852B33A2D9005C80F6 /* UIViewController+Ext.swift in Sources */ = {isa = PBXBuildFile; fileRef = D68C70842B33A2D9005C80F6 /* UIViewController+Ext.swift */; };
		D68C708A2B346F1D005C80F6 /* DishListTableViewCell.swift in Sources */ = {isa = PBXBuildFile; fileRef = D68C70882B346F1D005C80F6 /* DishListTableViewCell.swift */; };
		D68C708B2B346F1D005C80F6 /* DishListTableViewCell.xib in Resources */ = {isa = PBXBuildFile; fileRef = D68C70892B346F1D005C80F6 /* DishListTableViewCell.xib */; };
		D68C708E2B3471E4005C80F6 /* ListDishesViewController.swift in Sources */ = {isa = PBXBuildFile; fileRef = D68C708D2B3471E4005C80F6 /* ListDishesViewController.swift */; };
/* End PBXBuildFile section */

/* Begin PBXFileReference section */
		3E5AB2554E0B50AC8D7360D6 /* Pods_TastyBites.framework */ = {isa = PBXFileReference; explicitFileType = wrapper.framework; includeInIndex = 0; path = Pods_TastyBites.framework; sourceTree = BUILT_PRODUCTS_DIR; };
		78E82DFB62FA121CF4F0BE87 /* Pods-TastyBites.debug.xcconfig */ = {isa = PBXFileReference; includeInIndex = 1; lastKnownFileType = text.xcconfig; name = "Pods-TastyBites.debug.xcconfig"; path = "Target Support Files/Pods-TastyBites/Pods-TastyBites.debug.xcconfig"; sourceTree = "<group>"; };
		D68C70402B336276005C80F6 /* TastyBites.app */ = {isa = PBXFileReference; explicitFileType = wrapper.application; includeInIndex = 0; path = TastyBites.app; sourceTree = BUILT_PRODUCTS_DIR; };
		D68C70432B336276005C80F6 /* AppDelegate.swift */ = {isa = PBXFileReference; lastKnownFileType = sourcecode.swift; path = AppDelegate.swift; sourceTree = "<group>"; };
		D68C70452B336276005C80F6 /* SceneDelegate.swift */ = {isa = PBXFileReference; lastKnownFileType = sourcecode.swift; path = SceneDelegate.swift; sourceTree = "<group>"; };
		D68C704A2B336276005C80F6 /* Base */ = {isa = PBXFileReference; lastKnownFileType = file.storyboard; name = Base; path = Base.lproj/Main.storyboard; sourceTree = "<group>"; };
		D68C704C2B336277005C80F6 /* Assets.xcassets */ = {isa = PBXFileReference; lastKnownFileType = folder.assetcatalog; path = Assets.xcassets; sourceTree = "<group>"; };
		D68C704F2B336277005C80F6 /* Base */ = {isa = PBXFileReference; lastKnownFileType = file.storyboard; name = Base; path = Base.lproj/LaunchScreen.storyboard; sourceTree = "<group>"; };
		D68C70512B336277005C80F6 /* Info.plist */ = {isa = PBXFileReference; lastKnownFileType = text.plist.xml; path = Info.plist; sourceTree = "<group>"; };
		D68C705B2B336667005C80F6 /* OnboardingViewController.swift */ = {isa = PBXFileReference; lastKnownFileType = sourcecode.swift; path = OnboardingViewController.swift; sourceTree = "<group>"; };
		D68C705E2B336A5E005C80F6 /* UIView+Ext.swift */ = {isa = PBXFileReference; lastKnownFileType = sourcecode.swift; path = "UIView+Ext.swift"; sourceTree = "<group>"; };
		D68C70602B336B2E005C80F6 /* OnboardingSlides.swift */ = {isa = PBXFileReference; lastKnownFileType = sourcecode.swift; path = OnboardingSlides.swift; sourceTree = "<group>"; };
		D68C70622B336D68005C80F6 /* OnboardingCollectionViewCell.swift */ = {isa = PBXFileReference; lastKnownFileType = sourcecode.swift; path = OnboardingCollectionViewCell.swift; sourceTree = "<group>"; };
		D68C70662B337830005C80F6 /* HomeViewController.swift */ = {isa = PBXFileReference; lastKnownFileType = sourcecode.swift; path = HomeViewController.swift; sourceTree = "<group>"; };
		D68C70692B337AE1005C80F6 /* CategoryCollectionViewCell.swift */ = {isa = PBXFileReference; lastKnownFileType = sourcecode.swift; path = CategoryCollectionViewCell.swift; sourceTree = "<group>"; };
		D68C706A2B337AE1005C80F6 /* CategoryCollectionViewCell.xib */ = {isa = PBXFileReference; lastKnownFileType = file.xib; path = CategoryCollectionViewCell.xib; sourceTree = "<group>"; };
		D68C706D2B337BEC005C80F6 /* DishCategory.swift */ = {isa = PBXFileReference; lastKnownFileType = sourcecode.swift; path = DishCategory.swift; sourceTree = "<group>"; };
		D68C706F2B337CC8005C80F6 /* String+Ext.swift */ = {isa = PBXFileReference; lastKnownFileType = sourcecode.swift; path = "String+Ext.swift"; sourceTree = "<group>"; };
		D68C70722B337F7B005C80F6 /* CardView.swift */ = {isa = PBXFileReference; lastKnownFileType = sourcecode.swift; path = CardView.swift; sourceTree = "<group>"; };
		D68C70752B3381FF005C80F6 /* DishPortraitCollectionViewCell.swift */ = {isa = PBXFileReference; lastKnownFileType = sourcecode.swift; path = DishPortraitCollectionViewCell.swift; sourceTree = "<group>"; };
		D68C70762B3381FF005C80F6 /* DishPortraitCollectionViewCell.xib */ = {isa = PBXFileReference; lastKnownFileType = file.xib; path = DishPortraitCollectionViewCell.xib; sourceTree = "<group>"; };
		D68C707A2B3383E7005C80F6 /* Dish.swift */ = {isa = PBXFileReference; lastKnownFileType = sourcecode.swift; path = Dish.swift; sourceTree = "<group>"; };
		D68C707D2B3387FF005C80F6 /* DishLandscapeCollectionViewCell.swift */ = {isa = PBXFileReference; lastKnownFileType = sourcecode.swift; path = DishLandscapeCollectionViewCell.swift; sourceTree = "<group>"; };
		D68C707E2B3387FF005C80F6 /* DishLandscapeCollectionViewCell.xib */ = {isa = PBXFileReference; lastKnownFileType = file.xib; path = DishLandscapeCollectionViewCell.xib; sourceTree = "<group>"; };
		D68C70822B33A100005C80F6 /* DishDetailViewController.swift */ = {isa = PBXFileReference; lastKnownFileType = sourcecode.swift; path = DishDetailViewController.swift; sourceTree = "<group>"; };
		D68C70842B33A2D9005C80F6 /* UIViewController+Ext.swift */ = {isa = PBXFileReference; lastKnownFileType = sourcecode.swift; path = "UIViewController+Ext.swift"; sourceTree = "<group>"; };
		D68C70882B346F1D005C80F6 /* DishListTableViewCell.swift */ = {isa = PBXFileReference; lastKnownFileType = sourcecode.swift; path = DishListTableViewCell.swift; sourceTree = "<group>"; };
		D68C70892B346F1D005C80F6 /* DishListTableViewCell.xib */ = {isa = PBXFileReference; lastKnownFileType = file.xib; path = DishListTableViewCell.xib; sourceTree = "<group>"; };
		D68C708D2B3471E4005C80F6 /* ListDishesViewController.swift */ = {isa = PBXFileReference; lastKnownFileType = sourcecode.swift; path = ListDishesViewController.swift; sourceTree = "<group>"; };
		F7E52CE5916BF14B0A6A5A65 /* Pods-TastyBites.release.xcconfig */ = {isa = PBXFileReference; includeInIndex = 1; lastKnownFileType = text.xcconfig; name = "Pods-TastyBites.release.xcconfig"; path = "Target Support Files/Pods-TastyBites/Pods-TastyBites.release.xcconfig"; sourceTree = "<group>"; };
/* End PBXFileReference section */

/* Begin PBXFrameworksBuildPhase section */
		D68C703D2B336276005C80F6 /* Frameworks */ = {
			isa = PBXFrameworksBuildPhase;
			buildActionMask = 2147483647;
			files = (
				1A4FFD0C9BC3D6B176F6AE01 /* Pods_TastyBites.framework in Frameworks */,
			);
			runOnlyForDeploymentPostprocessing = 0;
		};
/* End PBXFrameworksBuildPhase section */

/* Begin PBXGroup section */
		1BEBC5D373437308D72A1C93 /* Frameworks */ = {
			isa = PBXGroup;
			children = (
				3E5AB2554E0B50AC8D7360D6 /* Pods_TastyBites.framework */,
			);
			name = Frameworks;
			sourceTree = "<group>";
		};
		D68C70372B336276005C80F6 = {
			isa = PBXGroup;
			children = (
				D68C70422B336276005C80F6 /* TastyBites */,
				D68C70412B336276005C80F6 /* Products */,
				E01513ECD1531F1E5DF2C3BE /* Pods */,
				1BEBC5D373437308D72A1C93 /* Frameworks */,
			);
			sourceTree = "<group>";
		};
		D68C70412B336276005C80F6 /* Products */ = {
			isa = PBXGroup;
			children = (
				D68C70402B336276005C80F6 /* TastyBites.app */,
			);
			name = Products;
			sourceTree = "<group>";
		};
		D68C70422B336276005C80F6 /* TastyBites */ = {
			isa = PBXGroup;
			children = (
				D68C70642B337701005C80F6 /* Resources */,
				D68C705D2B336A39005C80F6 /* Extensions */,
				D68C70592B336641005C80F6 /* CustomViews */,
				D68C70582B33663C005C80F6 /* Views */,
				D68C70572B336635005C80F6 /* Models */,
				D68C70492B336276005C80F6 /* Main.storyboard */,
				D68C704E2B336277005C80F6 /* LaunchScreen.storyboard */,
				D68C70512B336277005C80F6 /* Info.plist */,
			);
			path = TastyBites;
			sourceTree = "<group>";
		};
		D68C70572B336635005C80F6 /* Models */ = {
			isa = PBXGroup;
			children = (
				D68C70602B336B2E005C80F6 /* OnboardingSlides.swift */,
				D68C706D2B337BEC005C80F6 /* DishCategory.swift */,
				D68C707A2B3383E7005C80F6 /* Dish.swift */,
			);
			path = Models;
			sourceTree = "<group>";
		};
		D68C70582B33663C005C80F6 /* Views */ = {
			isa = PBXGroup;
			children = (
				D68C708C2B3471C9005C80F6 /* ListDishes */,
				D68C70812B33A0E8005C80F6 /* DishDetail */,
				D68C70652B337820005C80F6 /* Home */,
				D68C705A2B336651005C80F6 /* Onboarding */,
			);
			path = Views;
			sourceTree = "<group>";
		};
		D68C70592B336641005C80F6 /* CustomViews */ = {
			isa = PBXGroup;
			children = (
				D68C70862B346ED8005C80F6 /* TableViewCells */,
				D68C70712B337F6E005C80F6 /* CardView */,
				D68C70682B337ABC005C80F6 /* CollectionViewCells */,
			);
			path = CustomViews;
			sourceTree = "<group>";
		};
		D68C705A2B336651005C80F6 /* Onboarding */ = {
			isa = PBXGroup;
			children = (
				D68C705B2B336667005C80F6 /* OnboardingViewController.swift */,
				D68C70622B336D68005C80F6 /* OnboardingCollectionViewCell.swift */,
			);
			path = Onboarding;
			sourceTree = "<group>";
		};
		D68C705D2B336A39005C80F6 /* Extensions */ = {
			isa = PBXGroup;
			children = (
				D68C705E2B336A5E005C80F6 /* UIView+Ext.swift */,
				D68C706F2B337CC8005C80F6 /* String+Ext.swift */,
				D68C70842B33A2D9005C80F6 /* UIViewController+Ext.swift */,
			);
			path = Extensions;
			sourceTree = "<group>";
		};
		D68C70642B337701005C80F6 /* Resources */ = {
			isa = PBXGroup;
			children = (
				D68C70432B336276005C80F6 /* AppDelegate.swift */,
				D68C70452B336276005C80F6 /* SceneDelegate.swift */,
				D68C704C2B336277005C80F6 /* Assets.xcassets */,
			);
			path = Resources;
			sourceTree = "<group>";
		};
		D68C70652B337820005C80F6 /* Home */ = {
			isa = PBXGroup;
			children = (
				D68C70662B337830005C80F6 /* HomeViewController.swift */,
			);
			path = Home;
			sourceTree = "<group>";
		};
		D68C70682B337ABC005C80F6 /* CollectionViewCells */ = {
			isa = PBXGroup;
			children = (
				D68C707C2B3387E1005C80F6 /* DishLandscapeCollectionViewCell */,
				D68C70742B3381D7005C80F6 /* DishPortraitCollectionViewCell */,
				D68C70792B338208005C80F6 /* CategoryCollectionViewCell */,
			);
			path = CollectionViewCells;
			sourceTree = "<group>";
		};
		D68C70712B337F6E005C80F6 /* CardView */ = {
			isa = PBXGroup;
			children = (
				D68C70722B337F7B005C80F6 /* CardView.swift */,
			);
			path = CardView;
			sourceTree = "<group>";
		};
		D68C70742B3381D7005C80F6 /* DishPortraitCollectionViewCell */ = {
			isa = PBXGroup;
			children = (
				D68C70752B3381FF005C80F6 /* DishPortraitCollectionViewCell.swift */,
				D68C70762B3381FF005C80F6 /* DishPortraitCollectionViewCell.xib */,
			);
			path = DishPortraitCollectionViewCell;
			sourceTree = "<group>";
		};
		D68C70792B338208005C80F6 /* CategoryCollectionViewCell */ = {
			isa = PBXGroup;
			children = (
				D68C70692B337AE1005C80F6 /* CategoryCollectionViewCell.swift */,
				D68C706A2B337AE1005C80F6 /* CategoryCollectionViewCell.xib */,
			);
			path = CategoryCollectionViewCell;
			sourceTree = "<group>";
		};
		D68C707C2B3387E1005C80F6 /* DishLandscapeCollectionViewCell */ = {
			isa = PBXGroup;
			children = (
				D68C707D2B3387FF005C80F6 /* DishLandscapeCollectionViewCell.swift */,
				D68C707E2B3387FF005C80F6 /* DishLandscapeCollectionViewCell.xib */,
			);
			path = DishLandscapeCollectionViewCell;
			sourceTree = "<group>";
		};
		D68C70812B33A0E8005C80F6 /* DishDetail */ = {
			isa = PBXGroup;
			children = (
				D68C70822B33A100005C80F6 /* DishDetailViewController.swift */,
			);
			path = DishDetail;
			sourceTree = "<group>";
		};
		D68C70862B346ED8005C80F6 /* TableViewCells */ = {
			isa = PBXGroup;
			children = (
				D68C70872B346EE2005C80F6 /* DishListTableViewCell */,
			);
			path = TableViewCells;
			sourceTree = "<group>";
		};
		D68C70872B346EE2005C80F6 /* DishListTableViewCell */ = {
			isa = PBXGroup;
			children = (
				D68C70882B346F1D005C80F6 /* DishListTableViewCell.swift */,
				D68C70892B346F1D005C80F6 /* DishListTableViewCell.xib */,
			);
			path = DishListTableViewCell;
			sourceTree = "<group>";
		};
		D68C708C2B3471C9005C80F6 /* ListDishes */ = {
			isa = PBXGroup;
			children = (
				D68C708D2B3471E4005C80F6 /* ListDishesViewController.swift */,
			);
			path = ListDishes;
			sourceTree = "<group>";
		};
		E01513ECD1531F1E5DF2C3BE /* Pods */ = {
			isa = PBXGroup;
			children = (
				78E82DFB62FA121CF4F0BE87 /* Pods-TastyBites.debug.xcconfig */,
				F7E52CE5916BF14B0A6A5A65 /* Pods-TastyBites.release.xcconfig */,
			);
			path = Pods;
			sourceTree = "<group>";
		};
/* End PBXGroup section */

/* Begin PBXNativeTarget section */
		D68C703F2B336276005C80F6 /* TastyBites */ = {
			isa = PBXNativeTarget;
			buildConfigurationList = D68C70542B336277005C80F6 /* Build configuration list for PBXNativeTarget "TastyBites" */;
			buildPhases = (
				13D93AC24B46F7B17CFC7799 /* [CP] Check Pods Manifest.lock */,
				D68C703C2B336276005C80F6 /* Sources */,
				D68C703D2B336276005C80F6 /* Frameworks */,
				D68C703E2B336276005C80F6 /* Resources */,
				651D98FBC230D27E3B463C0F /* [CP] Embed Pods Frameworks */,
			);
			buildRules = (
			);
			dependencies = (
			);
			name = TastyBites;
			productName = TastyBites;
			productReference = D68C70402B336276005C80F6 /* TastyBites.app */;
			productType = "com.apple.product-type.application";
		};
/* End PBXNativeTarget section */

/* Begin PBXProject section */
		D68C70382B336276005C80F6 /* Project object */ = {
			isa = PBXProject;
			attributes = {
				BuildIndependentTargetsInParallel = 1;
				LastSwiftUpdateCheck = 1500;
				LastUpgradeCheck = 1500;
				TargetAttributes = {
					D68C703F2B336276005C80F6 = {
						CreatedOnToolsVersion = 15.0.1;
					};
				};
			};
			buildConfigurationList = D68C703B2B336276005C80F6 /* Build configuration list for PBXProject "TastyBites" */;
			compatibilityVersion = "Xcode 14.0";
			developmentRegion = en;
			hasScannedForEncodings = 0;
			knownRegions = (
				en,
				Base,
			);
			mainGroup = D68C70372B336276005C80F6;
			productRefGroup = D68C70412B336276005C80F6 /* Products */;
			projectDirPath = "";
			projectRoot = "";
			targets = (
				D68C703F2B336276005C80F6 /* TastyBites */,
			);
		};
/* End PBXProject section */

/* Begin PBXResourcesBuildPhase section */
		D68C703E2B336276005C80F6 /* Resources */ = {
			isa = PBXResourcesBuildPhase;
			buildActionMask = 2147483647;
			files = (
				D68C706C2B337AE1005C80F6 /* CategoryCollectionViewCell.xib in Resources */,
				D68C708B2B346F1D005C80F6 /* DishListTableViewCell.xib in Resources */,
				D68C70502B336277005C80F6 /* LaunchScreen.storyboard in Resources */,
				D68C70782B3381FF005C80F6 /* DishPortraitCollectionViewCell.xib in Resources */,
				D68C704D2B336277005C80F6 /* Assets.xcassets in Resources */,
				D68C70802B3387FF005C80F6 /* DishLandscapeCollectionViewCell.xib in Resources */,
				D68C704B2B336276005C80F6 /* Main.storyboard in Resources */,
			);
			runOnlyForDeploymentPostprocessing = 0;
		};
/* End PBXResourcesBuildPhase section */

/* Begin PBXShellScriptBuildPhase section */
		13D93AC24B46F7B17CFC7799 /* [CP] Check Pods Manifest.lock */ = {
			isa = PBXShellScriptBuildPhase;
			buildActionMask = 2147483647;
			files = (
			);
			inputFileListPaths = (
			);
			inputPaths = (
				"${PODS_PODFILE_DIR_PATH}/Podfile.lock",
				"${PODS_ROOT}/Manifest.lock",
			);
			name = "[CP] Check Pods Manifest.lock";
			outputFileListPaths = (
			);
			outputPaths = (
				"$(DERIVED_FILE_DIR)/Pods-TastyBites-checkManifestLockResult.txt",
			);
			runOnlyForDeploymentPostprocessing = 0;
			shellPath = /bin/sh;
			shellScript = "diff \"${PODS_PODFILE_DIR_PATH}/Podfile.lock\" \"${PODS_ROOT}/Manifest.lock\" > /dev/null\nif [ $? != 0 ] ; then\n    # print error to STDERR\n    echo \"error: The sandbox is not in sync with the Podfile.lock. Run 'pod install' or update your CocoaPods installation.\" >&2\n    exit 1\nfi\n# This output is used by Xcode 'outputs' to avoid re-running this script phase.\necho \"SUCCESS\" > \"${SCRIPT_OUTPUT_FILE_0}\"\n";
			showEnvVarsInLog = 0;
		};
		651D98FBC230D27E3B463C0F /* [CP] Embed Pods Frameworks */ = {
			isa = PBXShellScriptBuildPhase;
			buildActionMask = 2147483647;
			files = (
			);
			inputFileListPaths = (
				"${PODS_ROOT}/Target Support Files/Pods-TastyBites/Pods-TastyBites-frameworks-${CONFIGURATION}-input-files.xcfilelist",
			);
			name = "[CP] Embed Pods Frameworks";
			outputFileListPaths = (
				"${PODS_ROOT}/Target Support Files/Pods-TastyBites/Pods-TastyBites-frameworks-${CONFIGURATION}-output-files.xcfilelist",
			);
			runOnlyForDeploymentPostprocessing = 0;
			shellPath = /bin/sh;
			shellScript = "\"${PODS_ROOT}/Target Support Files/Pods-TastyBites/Pods-TastyBites-frameworks.sh\"\n";
			showEnvVarsInLog = 0;
		};
/* End PBXShellScriptBuildPhase section */

/* Begin PBXSourcesBuildPhase section */
		D68C703C2B336276005C80F6 /* Sources */ = {
			isa = PBXSourcesBuildPhase;
			buildActionMask = 2147483647;
			files = (
				D68C708A2B346F1D005C80F6 /* DishListTableViewCell.swift in Sources */,
				D68C706B2B337AE1005C80F6 /* CategoryCollectionViewCell.swift in Sources */,
				D68C705F2B336A5E005C80F6 /* UIView+Ext.swift in Sources */,
				D68C70442B336276005C80F6 /* AppDelegate.swift in Sources */,
				D68C70612B336B2E005C80F6 /* OnboardingSlides.swift in Sources */,
				D68C70462B336276005C80F6 /* SceneDelegate.swift in Sources */,
				D68C705C2B336667005C80F6 /* OnboardingViewController.swift in Sources */,
				D68C70832B33A100005C80F6 /* DishDetailViewController.swift in Sources */,
				D68C70672B337830005C80F6 /* HomeViewController.swift in Sources */,
				D68C706E2B337BEC005C80F6 /* DishCategory.swift in Sources */,
				D68C707F2B3387FF005C80F6 /* DishLandscapeCollectionViewCell.swift in Sources */,
				D68C70702B337CC8005C80F6 /* String+Ext.swift in Sources */,
				D68C70732B337F7B005C80F6 /* CardView.swift in Sources */,
				D68C70632B336D68005C80F6 /* OnboardingCollectionViewCell.swift in Sources */,
				D68C708E2B3471E4005C80F6 /* ListDishesViewController.swift in Sources */,
				D68C707B2B3383E7005C80F6 /* Dish.swift in Sources */,
				D68C70852B33A2D9005C80F6 /* UIViewController+Ext.swift in Sources */,
				D68C70772B3381FF005C80F6 /* DishPortraitCollectionViewCell.swift in Sources */,
			);
			runOnlyForDeploymentPostprocessing = 0;
		};
/* End PBXSourcesBuildPhase section */

/* Begin PBXVariantGroup section */
		D68C70492B336276005C80F6 /* Main.storyboard */ = {
			isa = PBXVariantGroup;
			children = (
				D68C704A2B336276005C80F6 /* Base */,
			);
			name = Main.storyboard;
			sourceTree = "<group>";
		};
		D68C704E2B336277005C80F6 /* LaunchScreen.storyboard */ = {
			isa = PBXVariantGroup;
			children = (
				D68C704F2B336277005C80F6 /* Base */,
			);
			name = LaunchScreen.storyboard;
			sourceTree = "<group>";
		};
/* End PBXVariantGroup section */

/* Begin XCBuildConfiguration section */
		D68C70522B336277005C80F6 /* Debug */ = {
			isa = XCBuildConfiguration;
			buildSettings = {
				ALWAYS_SEARCH_USER_PATHS = NO;
				ASSETCATALOG_COMPILER_GENERATE_SWIFT_ASSET_SYMBOL_EXTENSIONS = YES;
				CLANG_ANALYZER_NONNULL = YES;
				CLANG_ANALYZER_NUMBER_OBJECT_CONVERSION = YES_AGGRESSIVE;
				CLANG_CXX_LANGUAGE_STANDARD = "gnu++20";
				CLANG_ENABLE_MODULES = YES;
				CLANG_ENABLE_OBJC_ARC = YES;
				CLANG_ENABLE_OBJC_WEAK = YES;
				CLANG_WARN_BLOCK_CAPTURE_AUTORELEASING = YES;
				CLANG_WARN_BOOL_CONVERSION = YES;
				CLANG_WARN_COMMA = YES;
				CLANG_WARN_CONSTANT_CONVERSION = YES;
				CLANG_WARN_DEPRECATED_OBJC_IMPLEMENTATIONS = YES;
				CLANG_WARN_DIRECT_OBJC_ISA_USAGE = YES_ERROR;
				CLANG_WARN_DOCUMENTATION_COMMENTS = YES;
				CLANG_WARN_EMPTY_BODY = YES;
				CLANG_WARN_ENUM_CONVERSION = YES;
				CLANG_WARN_INFINITE_RECURSION = YES;
				CLANG_WARN_INT_CONVERSION = YES;
				CLANG_WARN_NON_LITERAL_NULL_CONVERSION = YES;
				CLANG_WARN_OBJC_IMPLICIT_RETAIN_SELF = YES;
				CLANG_WARN_OBJC_LITERAL_CONVERSION = YES;
				CLANG_WARN_OBJC_ROOT_CLASS = YES_ERROR;
				CLANG_WARN_QUOTED_INCLUDE_IN_FRAMEWORK_HEADER = YES;
				CLANG_WARN_RANGE_LOOP_ANALYSIS = YES;
				CLANG_WARN_STRICT_PROTOTYPES = YES;
				CLANG_WARN_SUSPICIOUS_MOVE = YES;
				CLANG_WARN_UNGUARDED_AVAILABILITY = YES_AGGRESSIVE;
				CLANG_WARN_UNREACHABLE_CODE = YES;
				CLANG_WARN__DUPLICATE_METHOD_MATCH = YES;
				COPY_PHASE_STRIP = NO;
				DEBUG_INFORMATION_FORMAT = dwarf;
				ENABLE_STRICT_OBJC_MSGSEND = YES;
				ENABLE_TESTABILITY = YES;
				ENABLE_USER_SCRIPT_SANDBOXING = YES;
				GCC_C_LANGUAGE_STANDARD = gnu17;
				GCC_DYNAMIC_NO_PIC = NO;
				GCC_NO_COMMON_BLOCKS = YES;
				GCC_OPTIMIZATION_LEVEL = 0;
				GCC_PREPROCESSOR_DEFINITIONS = (
					"DEBUG=1",
					"$(inherited)",
				);
				GCC_WARN_64_TO_32_BIT_CONVERSION = YES;
				GCC_WARN_ABOUT_RETURN_TYPE = YES_ERROR;
				GCC_WARN_UNDECLARED_SELECTOR = YES;
				GCC_WARN_UNINITIALIZED_AUTOS = YES_AGGRESSIVE;
				GCC_WARN_UNUSED_FUNCTION = YES;
				GCC_WARN_UNUSED_VARIABLE = YES;
				IPHONEOS_DEPLOYMENT_TARGET = 17.0;
				LOCALIZATION_PREFERS_STRING_CATALOGS = YES;
				MTL_ENABLE_DEBUG_INFO = INCLUDE_SOURCE;
				MTL_FAST_MATH = YES;
				ONLY_ACTIVE_ARCH = YES;
				SDKROOT = iphoneos;
				SWIFT_ACTIVE_COMPILATION_CONDITIONS = "DEBUG $(inherited)";
				SWIFT_OPTIMIZATION_LEVEL = "-Onone";
			};
			name = Debug;
		};
		D68C70532B336277005C80F6 /* Release */ = {
			isa = XCBuildConfiguration;
			buildSettings = {
				ALWAYS_SEARCH_USER_PATHS = NO;
				ASSETCATALOG_COMPILER_GENERATE_SWIFT_ASSET_SYMBOL_EXTENSIONS = YES;
				CLANG_ANALYZER_NONNULL = YES;
				CLANG_ANALYZER_NUMBER_OBJECT_CONVERSION = YES_AGGRESSIVE;
				CLANG_CXX_LANGUAGE_STANDARD = "gnu++20";
				CLANG_ENABLE_MODULES = YES;
				CLANG_ENABLE_OBJC_ARC = YES;
				CLANG_ENABLE_OBJC_WEAK = YES;
				CLANG_WARN_BLOCK_CAPTURE_AUTORELEASING = YES;
				CLANG_WARN_BOOL_CONVERSION = YES;
				CLANG_WARN_COMMA = YES;
				CLANG_WARN_CONSTANT_CONVERSION = YES;
				CLANG_WARN_DEPRECATED_OBJC_IMPLEMENTATIONS = YES;
				CLANG_WARN_DIRECT_OBJC_ISA_USAGE = YES_ERROR;
				CLANG_WARN_DOCUMENTATION_COMMENTS = YES;
				CLANG_WARN_EMPTY_BODY = YES;
				CLANG_WARN_ENUM_CONVERSION = YES;
				CLANG_WARN_INFINITE_RECURSION = YES;
				CLANG_WARN_INT_CONVERSION = YES;
				CLANG_WARN_NON_LITERAL_NULL_CONVERSION = YES;
				CLANG_WARN_OBJC_IMPLICIT_RETAIN_SELF = YES;
				CLANG_WARN_OBJC_LITERAL_CONVERSION = YES;
				CLANG_WARN_OBJC_ROOT_CLASS = YES_ERROR;
				CLANG_WARN_QUOTED_INCLUDE_IN_FRAMEWORK_HEADER = YES;
				CLANG_WARN_RANGE_LOOP_ANALYSIS = YES;
				CLANG_WARN_STRICT_PROTOTYPES = YES;
				CLANG_WARN_SUSPICIOUS_MOVE = YES;
				CLANG_WARN_UNGUARDED_AVAILABILITY = YES_AGGRESSIVE;
				CLANG_WARN_UNREACHABLE_CODE = YES;
				CLANG_WARN__DUPLICATE_METHOD_MATCH = YES;
				COPY_PHASE_STRIP = NO;
				DEBUG_INFORMATION_FORMAT = "dwarf-with-dsym";
				ENABLE_NS_ASSERTIONS = NO;
				ENABLE_STRICT_OBJC_MSGSEND = YES;
				ENABLE_USER_SCRIPT_SANDBOXING = YES;
				GCC_C_LANGUAGE_STANDARD = gnu17;
				GCC_NO_COMMON_BLOCKS = YES;
				GCC_WARN_64_TO_32_BIT_CONVERSION = YES;
				GCC_WARN_ABOUT_RETURN_TYPE = YES_ERROR;
				GCC_WARN_UNDECLARED_SELECTOR = YES;
				GCC_WARN_UNINITIALIZED_AUTOS = YES_AGGRESSIVE;
				GCC_WARN_UNUSED_FUNCTION = YES;
				GCC_WARN_UNUSED_VARIABLE = YES;
				IPHONEOS_DEPLOYMENT_TARGET = 17.0;
				LOCALIZATION_PREFERS_STRING_CATALOGS = YES;
				MTL_ENABLE_DEBUG_INFO = NO;
				MTL_FAST_MATH = YES;
				SDKROOT = iphoneos;
				SWIFT_COMPILATION_MODE = wholemodule;
				VALIDATE_PRODUCT = YES;
			};
			name = Release;
		};
		D68C70552B336277005C80F6 /* Debug */ = {
			isa = XCBuildConfiguration;
			baseConfigurationReference = 78E82DFB62FA121CF4F0BE87 /* Pods-TastyBites.debug.xcconfig */;
			buildSettings = {
				ASSETCATALOG_COMPILER_APPICON_NAME = AppIcon;
				ASSETCATALOG_COMPILER_GLOBAL_ACCENT_COLOR_NAME = AccentColor;
				CODE_SIGN_STYLE = Automatic;
				CURRENT_PROJECT_VERSION = 1;
				DEVELOPMENT_TEAM = Z9VC2L39AT;
				ENABLE_USER_SCRIPT_SANDBOXING = NO;
				GENERATE_INFOPLIST_FILE = YES;
				INFOPLIST_FILE = TastyBites/Info.plist;
				INFOPLIST_KEY_UIApplicationSupportsIndirectInputEvents = YES;
				INFOPLIST_KEY_UILaunchStoryboardName = LaunchScreen;
				INFOPLIST_KEY_UIMainStoryboardFile = Main;
				INFOPLIST_KEY_UISupportedInterfaceOrientations_iPad = "UIInterfaceOrientationPortrait UIInterfaceOrientationPortraitUpsideDown UIInterfaceOrientationLandscapeLeft UIInterfaceOrientationLandscapeRight";
				INFOPLIST_KEY_UISupportedInterfaceOrientations_iPhone = "UIInterfaceOrientationPortrait UIInterfaceOrientationLandscapeLeft UIInterfaceOrientationLandscapeRight";
				LD_RUNPATH_SEARCH_PATHS = (
					"$(inherited)",
					"@executable_path/Frameworks",
				);
				MARKETING_VERSION = 1.0;
				PRODUCT_BUNDLE_IDENTIFIER = co.thenasserr.TastyBites;
				PRODUCT_NAME = "$(TARGET_NAME)";
				SWIFT_EMIT_LOC_STRINGS = YES;
				SWIFT_VERSION = 5.0;
				TARGETED_DEVICE_FAMILY = "1,2";
			};
			name = Debug;
		};
		D68C70562B336277005C80F6 /* Release */ = {
			isa = XCBuildConfiguration;
			baseConfigurationReference = F7E52CE5916BF14B0A6A5A65 /* Pods-TastyBites.release.xcconfig */;
			buildSettings = {
				ASSETCATALOG_COMPILER_APPICON_NAME = AppIcon;
				ASSETCATALOG_COMPILER_GLOBAL_ACCENT_COLOR_NAME = AccentColor;
				CODE_SIGN_STYLE = Automatic;
				CURRENT_PROJECT_VERSION = 1;
				DEVELOPMENT_TEAM = Z9VC2L39AT;
				ENABLE_USER_SCRIPT_SANDBOXING = NO;
				GENERATE_INFOPLIST_FILE = YES;
				INFOPLIST_FILE = TastyBites/Info.plist;
				INFOPLIST_KEY_UIApplicationSupportsIndirectInputEvents = YES;
				INFOPLIST_KEY_UILaunchStoryboardName = LaunchScreen;
				INFOPLIST_KEY_UIMainStoryboardFile = Main;
				INFOPLIST_KEY_UISupportedInterfaceOrientations_iPad = "UIInterfaceOrientationPortrait UIInterfaceOrientationPortraitUpsideDown UIInterfaceOrientationLandscapeLeft UIInterfaceOrientationLandscapeRight";
				INFOPLIST_KEY_UISupportedInterfaceOrientations_iPhone = "UIInterfaceOrientationPortrait UIInterfaceOrientationLandscapeLeft UIInterfaceOrientationLandscapeRight";
				LD_RUNPATH_SEARCH_PATHS = (
					"$(inherited)",
					"@executable_path/Frameworks",
				);
				MARKETING_VERSION = 1.0;
				PRODUCT_BUNDLE_IDENTIFIER = co.thenasserr.TastyBites;
				PRODUCT_NAME = "$(TARGET_NAME)";
				SWIFT_EMIT_LOC_STRINGS = YES;
				SWIFT_VERSION = 5.0;
				TARGETED_DEVICE_FAMILY = "1,2";
			};
			name = Release;
		};
/* End XCBuildConfiguration section */

/* Begin XCConfigurationList section */
		D68C703B2B336276005C80F6 /* Build configuration list for PBXProject "TastyBites" */ = {
			isa = XCConfigurationList;
			buildConfigurations = (
				D68C70522B336277005C80F6 /* Debug */,
				D68C70532B336277005C80F6 /* Release */,
			);
			defaultConfigurationIsVisible = 0;
			defaultConfigurationName = Release;
		};
		D68C70542B336277005C80F6 /* Build configuration list for PBXNativeTarget "TastyBites" */ = {
			isa = XCConfigurationList;
			buildConfigurations = (
				D68C70552B336277005C80F6 /* Debug */,
				D68C70562B336277005C80F6 /* Release */,
			);
			defaultConfigurationIsVisible = 0;
			defaultConfigurationName = Release;
		};
/* End XCConfigurationList section */
	};
	rootObject = D68C70382B336276005C80F6 /* Project object */;
}
